
Microsoft Visual Studio Solution File, Format Version 12.00
# Visual Studio Version 16
VisualStudioVersion = 16.0.30621.155
MinimumVisualStudioVersion = 10.0.40219.1
Project("{FAE04EC0-301F-11D3-BF4B-00C04F79EFBC}") = "DDDExample.API", "DDDExample.API\DDDExample.API.csproj", "{C5BEB757-A3A0-4E93-97BD-EC49E3DF90C6}"
EndProject
Project("{FAE04EC0-301F-11D3-BF4B-00C04F79EFBC}") = "DDDExample.Domain", "DDDExample.Domain\DDDExample.Domain.csproj", "{24E2F8EF-ED4B-491F-AB3D-9EB367082097}"
EndProject
Project("{FAE04EC0-301F-11D3-BF4B-00C04F79EFBC}") = "DDDExample.Infrastructure", "DDDExample.Infrastructure\DDDExample.Infrastructure.csproj", "{BB3C6F2F-36F6-47C0-B579-CD564F38B675}"
EndProject
Global
	GlobalSection(SolutionConfigurationPlatforms) = preSolution
		Debug|Any CPU = Debug|Any CPU
		Release|Any CPU = Release|Any CPU
	EndGlobalSection
	GlobalSection(ProjectConfigurationPlatforms) = postSolution
		{C5BEB757-A3A0-4E93-97BD-EC49E3DF90C6}.Debug|Any CPU.ActiveCfg = Debug|Any CPU
		{C5BEB757-A3A0-4E93-97BD-EC49E3DF90C6}.Debug|Any CPU.Build.0 = Debug|Any CPU
		{C5BEB757-A3A0-4E93-97BD-EC49E3DF90C6}.Release|Any CPU.ActiveCfg = Release|Any CPU
		{C5BEB757-A3A0-4E93-97BD-EC49E3DF90C6}.Release|Any CPU.Build.0 = Release|Any CPU
		{24E2F8EF-ED4B-491F-AB3D-9EB367082097}.Debug|Any CPU.ActiveCfg = Debug|Any CPU
		{24E2F8EF-ED4B-491F-AB3D-9EB367082097}.Debug|Any CPU.Build.0 = Debug|Any CPU
		{24E2F8EF-ED4B-491F-AB3D-9EB367082097}.Release|Any CPU.ActiveCfg = Release|Any CPU
		{24E2F8EF-ED4B-491F-AB3D-9EB367082097}.Release|Any CPU.Build.0 = Release|Any CPU
		{BB3C6F2F-36F6-47C0-B579-CD564F38B675}.Debug|Any CPU.ActiveCfg = Debug|Any CPU
		{BB3C6F2F-36F6-47C0-B579-CD564F38B675}.Debug|Any CPU.Build.0 = Debug|Any CPU
		{BB3C6F2F-36F6-47C0-B579-CD564F38B675}.Release|Any CPU.ActiveCfg = Release|Any CPU
		{BB3C6F2F-36F6-47C0-B579-CD564F38B675}.Release|Any CPU.Build.0 = Release|Any CPU
	EndGlobalSection
	GlobalSection(SolutionProperties) = preSolution
		HideSolutionNode = FALSE
	EndGlobalSection
	GlobalSection(ExtensibilityGlobals) = postSolution
		SolutionGuid = {12BF5DDC-B0F9-41B6-B228-2F33C82736E5}
	EndGlobalSection
EndGlobal
